
Microsoft Visual Studio Solution File, Format Version 12.00
# Visual Studio 15
VisualStudioVersion = 15.0.28010.2046
MinimumVisualStudioVersion = 10.0.40219.1
Project("{FAE04EC0-301F-11D3-BF4B-00C04F79EFBC}") = "cs_lesson5.2", "cs_lesson5.2\cs_lesson5.2.csproj", "{61966814-0FF9-484A-A43E-A2AC3F43B50E}"
EndProject
Global
	GlobalSection(SolutionConfigurationPlatforms) = preSolution
		Debug|Any CPU = Debug|Any CPU
		Release|Any CPU = Release|Any CPU
	EndGlobalSection
	GlobalSection(ProjectConfigurationPlatforms) = postSolution
		{61966814-0FF9-484A-A43E-A2AC3F43B50E}.Debug|Any CPU.ActiveCfg = Debug|Any CPU
		{61966814-0FF9-484A-A43E-A2AC3F43B50E}.Debug|Any CPU.Build.0 = Debug|Any CPU
		{61966814-0FF9-484A-A43E-A2AC3F43B50E}.Release|Any CPU.ActiveCfg = Release|Any CPU
		{61966814-0FF9-484A-A43E-A2AC3F43B50E}.Release|Any CPU.Build.0 = Release|Any CPU
	EndGlobalSection
	GlobalSection(SolutionProperties) = preSolution
		HideSolutionNode = FALSE
	EndGlobalSection
	GlobalSection(ExtensibilityGlobals) = postSolution
		SolutionGuid = {8AF572A7-1169-4935-812C-359D42E75C73}
	EndGlobalSection
EndGlobal
